// !$*UTF8*$!
{
	archiveVersion = 1;
	classes = {
	};
	objectVersion = 50;
	objects = {

/* Begin PBXBuildFile section */
		91916D682122E05B0054FD8D /* AppDelegate.swift in Sources */ = {isa = PBXBuildFile; fileRef = 91916D672122E05B0054FD8D /* AppDelegate.swift */; };
		91916D6A2122E05B0054FD8D /* ViewController.swift in Sources */ = {isa = PBXBuildFile; fileRef = 91916D692122E05B0054FD8D /* ViewController.swift */; };
		91916D6D2122E05B0054FD8D /* Main.storyboard in Resources */ = {isa = PBXBuildFile; fileRef = 91916D6B2122E05B0054FD8D /* Main.storyboard */; };
		91916D6F2122E05C0054FD8D /* Assets.xcassets in Resources */ = {isa = PBXBuildFile; fileRef = 91916D6E2122E05C0054FD8D /* Assets.xcassets */; };
		91916D722122E05C0054FD8D /* LaunchScreen.storyboard in Resources */ = {isa = PBXBuildFile; fileRef = 91916D702122E05C0054FD8D /* LaunchScreen.storyboard */; };
		91916D7D2122E05C0054FD8D /* JohnLewisTestTests.swift in Sources */ = {isa = PBXBuildFile; fileRef = 91916D7C2122E05C0054FD8D /* JohnLewisTestTests.swift */; };
		91916D882122E05C0054FD8D /* JohnLewisTestUITests.swift in Sources */ = {isa = PBXBuildFile; fileRef = 91916D872122E05C0054FD8D /* JohnLewisTestUITests.swift */; };
/* End PBXBuildFile section */

/* Begin PBXContainerItemProxy section */
		91916D792122E05C0054FD8D /* PBXContainerItemProxy */ = {
			isa = PBXContainerItemProxy;
			containerPortal = 91916D5C2122E05B0054FD8D /* Project object */;
			proxyType = 1;
			remoteGlobalIDString = 91916D632122E05B0054FD8D;
			remoteInfo = JohnLewisTest;
		};
		91916D842122E05C0054FD8D /* PBXContainerItemProxy */ = {
			isa = PBXContainerItemProxy;
			containerPortal = 91916D5C2122E05B0054FD8D /* Project object */;
			proxyType = 1;
			remoteGlobalIDString = 91916D632122E05B0054FD8D;
			remoteInfo = JohnLewisTest;
		};
/* End PBXContainerItemProxy section */

/* Begin PBXFileReference section */
		91916D642122E05B0054FD8D /* JohnLewisTest.app */ = {isa = PBXFileReference; explicitFileType = wrapper.application; includeInIndex = 0; path = JohnLewisTest.app; sourceTree = BUILT_PRODUCTS_DIR; };
		91916D672122E05B0054FD8D /* AppDelegate.swift */ = {isa = PBXFileReference; lastKnownFileType = sourcecode.swift; path = AppDelegate.swift; sourceTree = "<group>"; };
		91916D692122E05B0054FD8D /* ViewController.swift */ = {isa = PBXFileReference; lastKnownFileType = sourcecode.swift; path = ViewController.swift; sourceTree = "<group>"; };
		91916D6C2122E05B0054FD8D /* Base */ = {isa = PBXFileReference; lastKnownFileType = file.storyboard; name = Base; path = Base.lproj/Main.storyboard; sourceTree = "<group>"; };
		91916D6E2122E05C0054FD8D /* Assets.xcassets */ = {isa = PBXFileReference; lastKnownFileType = folder.assetcatalog; path = Assets.xcassets; sourceTree = "<group>"; };
		91916D712122E05C0054FD8D /* Base */ = {isa = PBXFileReference; lastKnownFileType = file.storyboard; name = Base; path = Base.lproj/LaunchScreen.storyboard; sourceTree = "<group>"; };
		91916D732122E05C0054FD8D /* Info.plist */ = {isa = PBXFileReference; lastKnownFileType = text.plist.xml; path = Info.plist; sourceTree = "<group>"; };
		91916D782122E05C0054FD8D /* JohnLewisTestTests.xctest */ = {isa = PBXFileReference; explicitFileType = wrapper.cfbundle; includeInIndex = 0; path = JohnLewisTestTests.xctest; sourceTree = BUILT_PRODUCTS_DIR; };
		91916D7C2122E05C0054FD8D /* JohnLewisTestTests.swift */ = {isa = PBXFileReference; lastKnownFileType = sourcecode.swift; path = JohnLewisTestTests.swift; sourceTree = "<group>"; };
		91916D7E2122E05C0054FD8D /* Info.plist */ = {isa = PBXFileReference; lastKnownFileType = text.plist.xml; path = Info.plist; sourceTree = "<group>"; };
		91916D832122E05C0054FD8D /* JohnLewisTestUITests.xctest */ = {isa = PBXFileReference; explicitFileType = wrapper.cfbundle; includeInIndex = 0; path = JohnLewisTestUITests.xctest; sourceTree = BUILT_PRODUCTS_DIR; };
		91916D872122E05C0054FD8D /* JohnLewisTestUITests.swift */ = {isa = PBXFileReference; lastKnownFileType = sourcecode.swift; path = JohnLewisTestUITests.swift; sourceTree = "<group>"; };
		91916D892122E05C0054FD8D /* Info.plist */ = {isa = PBXFileReference; lastKnownFileType = text.plist.xml; path = Info.plist; sourceTree = "<group>"; };
/* End PBXFileReference section */

/* Begin PBXFrameworksBuildPhase section */
		91916D612122E05B0054FD8D /* Frameworks */ = {
			isa = PBXFrameworksBuildPhase;
			buildActionMask = 2147483647;
			files = (
			);
			runOnlyForDeploymentPostprocessing = 0;
		};
		91916D752122E05C0054FD8D /* Frameworks */ = {
			isa = PBXFrameworksBuildPhase;
			buildActionMask = 2147483647;
			files = (
			);
			runOnlyForDeploymentPostprocessing = 0;
		};
		91916D802122E05C0054FD8D /* Frameworks */ = {
			isa = PBXFrameworksBuildPhase;
			buildActionMask = 2147483647;
			files = (
			);
			runOnlyForDeploymentPostprocessing = 0;
		};
/* End PBXFrameworksBuildPhase section */

/* Begin PBXGroup section */
		91916D5B2122E05B0054FD8D = {
			isa = PBXGroup;
			children = (
				91916D662122E05B0054FD8D /* JohnLewisTest */,
				91916D7B2122E05C0054FD8D /* JohnLewisTestTests */,
				91916D862122E05C0054FD8D /* JohnLewisTestUITests */,
				91916D652122E05B0054FD8D /* Products */,
			);
			sourceTree = "<group>";
		};
		91916D652122E05B0054FD8D /* Products */ = {
			isa = PBXGroup;
			children = (
				91916D642122E05B0054FD8D /* JohnLewisTest.app */,
				91916D782122E05C0054FD8D /* JohnLewisTestTests.xctest */,
				91916D832122E05C0054FD8D /* JohnLewisTestUITests.xctest */,
			);
			name = Products;
			sourceTree = "<group>";
		};
		91916D662122E05B0054FD8D /* JohnLewisTest */ = {
			isa = PBXGroup;
			children = (
				91916DA02122E19B0054FD8D /* Coordinators */,
				91916D9F2122E1900054FD8D /* Extensions */,
				91916D9E2122E18B0054FD8D /* Helpers */,
				91916D9D2122E1850054FD8D /* Protocols */,
				91916D9C2122E17F0054FD8D /* Services */,
				91916D9B2122E17A0054FD8D /* Views */,
				91916D9A2122E1750054FD8D /* Models */,
				91916D992122E16E0054FD8D /* ViewModels */,
				91916D982122E1680054FD8D /* ViewControllers */,
				91916D972122E1610054FD8D /* Routers */,
				91916D962122E1590054FD8D /* Storyboards */,
				91916D672122E05B0054FD8D /* AppDelegate.swift */,
				91916D6E2122E05C0054FD8D /* Assets.xcassets */,
				91916D732122E05C0054FD8D /* Info.plist */,
			);
			path = JohnLewisTest;
			sourceTree = "<group>";
		};
		91916D7B2122E05C0054FD8D /* JohnLewisTestTests */ = {
			isa = PBXGroup;
			children = (
				91916D7C2122E05C0054FD8D /* JohnLewisTestTests.swift */,
				91916D7E2122E05C0054FD8D /* Info.plist */,
			);
			path = JohnLewisTestTests;
			sourceTree = "<group>";
		};
		91916D862122E05C0054FD8D /* JohnLewisTestUITests */ = {
			isa = PBXGroup;
			children = (
				91916D872122E05C0054FD8D /* JohnLewisTestUITests.swift */,
				91916D892122E05C0054FD8D /* Info.plist */,
			);
			path = JohnLewisTestUITests;
			sourceTree = "<group>";
		};
		91916D962122E1590054FD8D /* Storyboards */ = {
			isa = PBXGroup;
			children = (
				91916D6B2122E05B0054FD8D /* Main.storyboard */,
				91916D702122E05C0054FD8D /* LaunchScreen.storyboard */,
			);
			path = Storyboards;
			sourceTree = "<group>";
		};
		91916D972122E1610054FD8D /* Routers */ = {
			isa = PBXGroup;
			children = (
			);
			path = Routers;
			sourceTree = "<group>";
		};
		91916D982122E1680054FD8D /* ViewControllers */ = {
			isa = PBXGroup;
			children = (
				91916D692122E05B0054FD8D /* ViewController.swift */,
			);
			path = ViewControllers;
			sourceTree = "<group>";
		};
		91916D992122E16E0054FD8D /* ViewModels */ = {
			isa = PBXGroup;
			children = (
			);
			path = ViewModels;
			sourceTree = "<group>";
		};
		91916D9A2122E1750054FD8D /* Models */ = {
			isa = PBXGroup;
			children = (
			);
			path = Models;
			sourceTree = "<group>";
		};
		91916D9B2122E17A0054FD8D /* Views */ = {
			isa = PBXGroup;
			children = (
			);
			path = Views;
			sourceTree = "<group>";
		};
		91916D9C2122E17F0054FD8D /* Services */ = {
			isa = PBXGroup;
			children = (
			);
			path = Services;
			sourceTree = "<group>";
		};
		91916D9D2122E1850054FD8D /* Protocols */ = {
			isa = PBXGroup;
			children = (
			);
			path = Protocols;
			sourceTree = "<group>";
		};
		91916D9E2122E18B0054FD8D /* Helpers */ = {
			isa = PBXGroup;
			children = (
			);
			path = Helpers;
			sourceTree = "<group>";
		};
		91916D9F2122E1900054FD8D /* Extensions */ = {
			isa = PBXGroup;
			children = (
			);
			path = Extensions;
			sourceTree = "<group>";
		};
		91916DA02122E19B0054FD8D /* Coordinators */ = {
			isa = PBXGroup;
			children = (
			);
			path = Coordinators;
			sourceTree = "<group>";
		};
/* End PBXGroup section */

/* Begin PBXNativeTarget section */
		91916D632122E05B0054FD8D /* JohnLewisTest */ = {
			isa = PBXNativeTarget;
			buildConfigurationList = 91916D8C2122E05C0054FD8D /* Build configuration list for PBXNativeTarget "JohnLewisTest" */;
			buildPhases = (
				91916D602122E05B0054FD8D /* Sources */,
				91916D612122E05B0054FD8D /* Frameworks */,
				91916D622122E05B0054FD8D /* Resources */,
			);
			buildRules = (
			);
			dependencies = (
			);
			name = JohnLewisTest;
			productName = JohnLewisTest;
			productReference = 91916D642122E05B0054FD8D /* JohnLewisTest.app */;
			productType = "com.apple.product-type.application";
		};
		91916D772122E05C0054FD8D /* JohnLewisTestTests */ = {
			isa = PBXNativeTarget;
			buildConfigurationList = 91916D8F2122E05C0054FD8D /* Build configuration list for PBXNativeTarget "JohnLewisTestTests" */;
			buildPhases = (
				91916D742122E05C0054FD8D /* Sources */,
				91916D752122E05C0054FD8D /* Frameworks */,
				91916D762122E05C0054FD8D /* Resources */,
			);
			buildRules = (
			);
			dependencies = (
				91916D7A2122E05C0054FD8D /* PBXTargetDependency */,
			);
			name = JohnLewisTestTests;
			productName = JohnLewisTestTests;
			productReference = 91916D782122E05C0054FD8D /* JohnLewisTestTests.xctest */;
			productType = "com.apple.product-type.bundle.unit-test";
		};
		91916D822122E05C0054FD8D /* JohnLewisTestUITests */ = {
			isa = PBXNativeTarget;
			buildConfigurationList = 91916D922122E05C0054FD8D /* Build configuration list for PBXNativeTarget "JohnLewisTestUITests" */;
			buildPhases = (
				91916D7F2122E05C0054FD8D /* Sources */,
				91916D802122E05C0054FD8D /* Frameworks */,
				91916D812122E05C0054FD8D /* Resources */,
			);
			buildRules = (
			);
			dependencies = (
				91916D852122E05C0054FD8D /* PBXTargetDependency */,
			);
			name = JohnLewisTestUITests;
			productName = JohnLewisTestUITests;
			productReference = 91916D832122E05C0054FD8D /* JohnLewisTestUITests.xctest */;
			productType = "com.apple.product-type.bundle.ui-testing";
		};
/* End PBXNativeTarget section */

/* Begin PBXProject section */
		91916D5C2122E05B0054FD8D /* Project object */ = {
			isa = PBXProject;
			attributes = {
				LastSwiftUpdateCheck = 0940;
				LastUpgradeCheck = 0940;
				ORGANIZATIONNAME = "Kim Summerskill";
				TargetAttributes = {
					91916D632122E05B0054FD8D = {
						CreatedOnToolsVersion = 9.4.1;
					};
					91916D772122E05C0054FD8D = {
						CreatedOnToolsVersion = 9.4.1;
						TestTargetID = 91916D632122E05B0054FD8D;
					};
					91916D822122E05C0054FD8D = {
						CreatedOnToolsVersion = 9.4.1;
						TestTargetID = 91916D632122E05B0054FD8D;
					};
				};
			};
			buildConfigurationList = 91916D5F2122E05B0054FD8D /* Build configuration list for PBXProject "JohnLewisTest" */;
			compatibilityVersion = "Xcode 9.3";
			developmentRegion = en;
			hasScannedForEncodings = 0;
			knownRegions = (
				en,
				Base,
			);
			mainGroup = 91916D5B2122E05B0054FD8D;
			productRefGroup = 91916D652122E05B0054FD8D /* Products */;
			projectDirPath = "";
			projectRoot = "";
			targets = (
				91916D632122E05B0054FD8D /* JohnLewisTest */,
				91916D772122E05C0054FD8D /* JohnLewisTestTests */,
				91916D822122E05C0054FD8D /* JohnLewisTestUITests */,
			);
		};
/* End PBXProject section */

/* Begin PBXResourcesBuildPhase section */
		91916D622122E05B0054FD8D /* Resources */ = {
			isa = PBXResourcesBuildPhase;
			buildActionMask = 2147483647;
			files = (
				91916D722122E05C0054FD8D /* LaunchScreen.storyboard in Resources */,
				91916D6F2122E05C0054FD8D /* Assets.xcassets in Resources */,
				91916D6D2122E05B0054FD8D /* Main.storyboard in Resources */,
			);
			runOnlyForDeploymentPostprocessing = 0;
		};
		91916D762122E05C0054FD8D /* Resources */ = {
			isa = PBXResourcesBuildPhase;
			buildActionMask = 2147483647;
			files = (
			);
			runOnlyForDeploymentPostprocessing = 0;
		};
		91916D812122E05C0054FD8D /* Resources */ = {
			isa = PBXResourcesBuildPhase;
			buildActionMask = 2147483647;
			files = (
			);
			runOnlyForDeploymentPostprocessing = 0;
		};
/* End PBXResourcesBuildPhase section */

/* Begin PBXSourcesBuildPhase section */
		91916D602122E05B0054FD8D /* Sources */ = {
			isa = PBXSourcesBuildPhase;
			buildActionMask = 2147483647;
			files = (
				91916D6A2122E05B0054FD8D /* ViewController.swift in Sources */,
				91916D682122E05B0054FD8D /* AppDelegate.swift in Sources */,
			);
			runOnlyForDeploymentPostprocessing = 0;
		};
		91916D742122E05C0054FD8D /* Sources */ = {
			isa = PBXSourcesBuildPhase;
			buildActionMask = 2147483647;
			files = (
				91916D7D2122E05C0054FD8D /* JohnLewisTestTests.swift in Sources */,
			);
			runOnlyForDeploymentPostprocessing = 0;
		};
		91916D7F2122E05C0054FD8D /* Sources */ = {
			isa = PBXSourcesBuildPhase;
			buildActionMask = 2147483647;
			files = (
				91916D882122E05C0054FD8D /* JohnLewisTestUITests.swift in Sources */,
			);
			runOnlyForDeploymentPostprocessing = 0;
		};
/* End PBXSourcesBuildPhase section */

/* Begin PBXTargetDependency section */
		91916D7A2122E05C0054FD8D /* PBXTargetDependency */ = {
			isa = PBXTargetDependency;
			target = 91916D632122E05B0054FD8D /* JohnLewisTest */;
			targetProxy = 91916D792122E05C0054FD8D /* PBXContainerItemProxy */;
		};
		91916D852122E05C0054FD8D /* PBXTargetDependency */ = {
			isa = PBXTargetDependency;
			target = 91916D632122E05B0054FD8D /* JohnLewisTest */;
			targetProxy = 91916D842122E05C0054FD8D /* PBXContainerItemProxy */;
		};
/* End PBXTargetDependency section */

/* Begin PBXVariantGroup section */
		91916D6B2122E05B0054FD8D /* Main.storyboard */ = {
			isa = PBXVariantGroup;
			children = (
				91916D6C2122E05B0054FD8D /* Base */,
			);
			name = Main.storyboard;
			sourceTree = "<group>";
		};
		91916D702122E05C0054FD8D /* LaunchScreen.storyboard */ = {
			isa = PBXVariantGroup;
			children = (
				91916D712122E05C0054FD8D /* Base */,
			);
			name = LaunchScreen.storyboard;
			sourceTree = "<group>";
		};
/* End PBXVariantGroup section */

/* Begin XCBuildConfiguration section */
		91916D8A2122E05C0054FD8D /* Debug */ = {
			isa = XCBuildConfiguration;
			buildSettings = {
				ALWAYS_SEARCH_USER_PATHS = NO;
				CLANG_ANALYZER_NONNULL = YES;
				CLANG_ANALYZER_NUMBER_OBJECT_CONVERSION = YES_AGGRESSIVE;
				CLANG_CXX_LANGUAGE_STANDARD = "gnu++14";
				CLANG_CXX_LIBRARY = "libc++";
				CLANG_ENABLE_MODULES = YES;
				CLANG_ENABLE_OBJC_ARC = YES;
				CLANG_ENABLE_OBJC_WEAK = YES;
				CLANG_WARN_BLOCK_CAPTURE_AUTORELEASING = YES;
				CLANG_WARN_BOOL_CONVERSION = YES;
				CLANG_WARN_COMMA = YES;
				CLANG_WARN_CONSTANT_CONVERSION = YES;
				CLANG_WARN_DEPRECATED_OBJC_IMPLEMENTATIONS = YES;
				CLANG_WARN_DIRECT_OBJC_ISA_USAGE = YES_ERROR;
				CLANG_WARN_DOCUMENTATION_COMMENTS = YES;
				CLANG_WARN_EMPTY_BODY = YES;
				CLANG_WARN_ENUM_CONVERSION = YES;
				CLANG_WARN_INFINITE_RECURSION = YES;
				CLANG_WARN_INT_CONVERSION = YES;
				CLANG_WARN_NON_LITERAL_NULL_CONVERSION = YES;
				CLANG_WARN_OBJC_IMPLICIT_RETAIN_SELF = YES;
				CLANG_WARN_OBJC_LITERAL_CONVERSION = YES;
				CLANG_WARN_OBJC_ROOT_CLASS = YES_ERROR;
				CLANG_WARN_RANGE_LOOP_ANALYSIS = YES;
				CLANG_WARN_STRICT_PROTOTYPES = YES;
				CLANG_WARN_SUSPICIOUS_MOVE = YES;
				CLANG_WARN_UNGUARDED_AVAILABILITY = YES_AGGRESSIVE;
				CLANG_WARN_UNREACHABLE_CODE = YES;
				CLANG_WARN__DUPLICATE_METHOD_MATCH = YES;
				CODE_SIGN_IDENTITY = "iPhone Developer";
				COPY_PHASE_STRIP = NO;
				DEBUG_INFORMATION_FORMAT = dwarf;
				ENABLE_STRICT_OBJC_MSGSEND = YES;
				ENABLE_TESTABILITY = YES;
				GCC_C_LANGUAGE_STANDARD = gnu11;
				GCC_DYNAMIC_NO_PIC = NO;
				GCC_NO_COMMON_BLOCKS = YES;
				GCC_OPTIMIZATION_LEVEL = 0;
				GCC_PREPROCESSOR_DEFINITIONS = (
					"DEBUG=1",
					"$(inherited)",
				);
				GCC_WARN_64_TO_32_BIT_CONVERSION = YES;
				GCC_WARN_ABOUT_RETURN_TYPE = YES_ERROR;
				GCC_WARN_UNDECLARED_SELECTOR = YES;
				GCC_WARN_UNINITIALIZED_AUTOS = YES_AGGRESSIVE;
				GCC_WARN_UNUSED_FUNCTION = YES;
				GCC_WARN_UNUSED_VARIABLE = YES;
				IPHONEOS_DEPLOYMENT_TARGET = 10.0;
				MTL_ENABLE_DEBUG_INFO = YES;
				ONLY_ACTIVE_ARCH = YES;
				SDKROOT = iphoneos;
				SWIFT_ACTIVE_COMPILATION_CONDITIONS = DEBUG;
				SWIFT_OPTIMIZATION_LEVEL = "-Onone";
			};
			name = Debug;
		};
		91916D8B2122E05C0054FD8D /* Release */ = {
			isa = XCBuildConfiguration;
			buildSettings = {
				ALWAYS_SEARCH_USER_PATHS = NO;
				CLANG_ANALYZER_NONNULL = YES;
				CLANG_ANALYZER_NUMBER_OBJECT_CONVERSION = YES_AGGRESSIVE;
				CLANG_CXX_LANGUAGE_STANDARD = "gnu++14";
				CLANG_CXX_LIBRARY = "libc++";
				CLANG_ENABLE_MODULES = YES;
				CLANG_ENABLE_OBJC_ARC = YES;
				CLANG_ENABLE_OBJC_WEAK = YES;
				CLANG_WARN_BLOCK_CAPTURE_AUTORELEASING = YES;
				CLANG_WARN_BOOL_CONVERSION = YES;
				CLANG_WARN_COMMA = YES;
				CLANG_WARN_CONSTANT_CONVERSION = YES;
				CLANG_WARN_DEPRECATED_OBJC_IMPLEMENTATIONS = YES;
				CLANG_WARN_DIRECT_OBJC_ISA_USAGE = YES_ERROR;
				CLANG_WARN_DOCUMENTATION_COMMENTS = YES;
				CLANG_WARN_EMPTY_BODY = YES;
				CLANG_WARN_ENUM_CONVERSION = YES;
				CLANG_WARN_INFINITE_RECURSION = YES;
				CLANG_WARN_INT_CONVERSION = YES;
				CLANG_WARN_NON_LITERAL_NULL_CONVERSION = YES;
				CLANG_WARN_OBJC_IMPLICIT_RETAIN_SELF = YES;
				CLANG_WARN_OBJC_LITERAL_CONVERSION = YES;
				CLANG_WARN_OBJC_ROOT_CLASS = YES_ERROR;
				CLANG_WARN_RANGE_LOOP_ANALYSIS = YES;
				CLANG_WARN_STRICT_PROTOTYPES = YES;
				CLANG_WARN_SUSPICIOUS_MOVE = YES;
				CLANG_WARN_UNGUARDED_AVAILABILITY = YES_AGGRESSIVE;
				CLANG_WARN_UNREACHABLE_CODE = YES;
				CLANG_WARN__DUPLICATE_METHOD_MATCH = YES;
				CODE_SIGN_IDENTITY = "iPhone Developer";
				COPY_PHASE_STRIP = NO;
				DEBUG_INFORMATION_FORMAT = "dwarf-with-dsym";
				ENABLE_NS_ASSERTIONS = NO;
				ENABLE_STRICT_OBJC_MSGSEND = YES;
				GCC_C_LANGUAGE_STANDARD = gnu11;
				GCC_NO_COMMON_BLOCKS = YES;
				GCC_WARN_64_TO_32_BIT_CONVERSION = YES;
				GCC_WARN_ABOUT_RETURN_TYPE = YES_ERROR;
				GCC_WARN_UNDECLARED_SELECTOR = YES;
				GCC_WARN_UNINITIALIZED_AUTOS = YES_AGGRESSIVE;
				GCC_WARN_UNUSED_FUNCTION = YES;
				GCC_WARN_UNUSED_VARIABLE = YES;
				IPHONEOS_DEPLOYMENT_TARGET = 10.0;
				MTL_ENABLE_DEBUG_INFO = NO;
				SDKROOT = iphoneos;
				SWIFT_COMPILATION_MODE = wholemodule;
				SWIFT_OPTIMIZATION_LEVEL = "-O";
				VALIDATE_PRODUCT = YES;
			};
			name = Release;
		};
		91916D8D2122E05C0054FD8D /* Debug */ = {
			isa = XCBuildConfiguration;
			buildSettings = {
				ASSETCATALOG_COMPILER_APPICON_NAME = AppIcon;
				CODE_SIGN_STYLE = Manual;
				DEVELOPMENT_TEAM = KDASGFE3NU;
				INFOPLIST_FILE = JohnLewisTest/Info.plist;
				LD_RUNPATH_SEARCH_PATHS = (
					"$(inherited)",
					"@executable_path/Frameworks",
				);
				PRODUCT_BUNDLE_IDENTIFIER = com.cyberdine.JohnLewisTest;
				PRODUCT_NAME = "$(TARGET_NAME)";
				PROVISIONING_PROFILE = "06f1c0b7-f1a4-44e1-a876-528b9a40e15a";
				PROVISIONING_PROFILE_SPECIFIER = "Cyberdine Wildcard Development";
				SWIFT_VERSION = 4.0;
				TARGETED_DEVICE_FAMILY = "1,2";
			};
			name = Debug;
		};
		91916D8E2122E05C0054FD8D /* Release */ = {
			isa = XCBuildConfiguration;
			buildSettings = {
				ASSETCATALOG_COMPILER_APPICON_NAME = AppIcon;
				CODE_SIGN_STYLE = Manual;
				DEVELOPMENT_TEAM = KDASGFE3NU;
				INFOPLIST_FILE = JohnLewisTest/Info.plist;
				LD_RUNPATH_SEARCH_PATHS = (
					"$(inherited)",
					"@executable_path/Frameworks",
				);
				PRODUCT_BUNDLE_IDENTIFIER = com.cyberdine.JohnLewisTest;
				PRODUCT_NAME = "$(TARGET_NAME)";
				PROVISIONING_PROFILE = "06f1c0b7-f1a4-44e1-a876-528b9a40e15a";
				PROVISIONING_PROFILE_SPECIFIER = "Cyberdine Wildcard Development";
				SWIFT_VERSION = 4.0;
				TARGETED_DEVICE_FAMILY = "1,2";
			};
			name = Release;
		};
		91916D902122E05C0054FD8D /* Debug */ = {
			isa = XCBuildConfiguration;
			buildSettings = {
				ALWAYS_EMBED_SWIFT_STANDARD_LIBRARIES = YES;
				BUNDLE_LOADER = "$(TEST_HOST)";
				CODE_SIGN_STYLE = Automatic;
				INFOPLIST_FILE = JohnLewisTestTests/Info.plist;
				LD_RUNPATH_SEARCH_PATHS = (
					"$(inherited)",
					"@executable_path/Frameworks",
					"@loader_path/Frameworks",
				);
				PRODUCT_BUNDLE_IDENTIFIER = com.cyberdine.JohnLewisTestTests;
				PRODUCT_NAME = "$(TARGET_NAME)";
				SWIFT_VERSION = 4.0;
				TARGETED_DEVICE_FAMILY = "1,2";
				TEST_HOST = "$(BUILT_PRODUCTS_DIR)/JohnLewisTest.app/JohnLewisTest";
			};
			name = Debug;
		};
		91916D912122E05C0054FD8D /* Release */ = {
			isa = XCBuildConfiguration;
			buildSettings = {
				ALWAYS_EMBED_SWIFT_STANDARD_LIBRARIES = YES;
				BUNDLE_LOADER = "$(TEST_HOST)";
				CODE_SIGN_STYLE = Automatic;
				INFOPLIST_FILE = JohnLewisTestTests/Info.plist;
				LD_RUNPATH_SEARCH_PATHS = (
					"$(inherited)",
					"@executable_path/Frameworks",
					"@loader_path/Frameworks",
				);
				PRODUCT_BUNDLE_IDENTIFIER = com.cyberdine.JohnLewisTestTests;
				PRODUCT_NAME = "$(TARGET_NAME)";
				SWIFT_VERSION = 4.0;
				TARGETED_DEVICE_FAMILY = "1,2";
				TEST_HOST = "$(BUILT_PRODUCTS_DIR)/JohnLewisTest.app/JohnLewisTest";
			};
			name = Release;
		};
		91916D932122E05C0054FD8D /* Debug */ = {
			isa = XCBuildConfiguration;
			buildSettings = {
				ALWAYS_EMBED_SWIFT_STANDARD_LIBRARIES = YES;
				CODE_SIGN_STYLE = Automatic;
				INFOPLIST_FILE = JohnLewisTestUITests/Info.plist;
				LD_RUNPATH_SEARCH_PATHS = (
					"$(inherited)",
					"@executable_path/Frameworks",
					"@loader_path/Frameworks",
				);
				PRODUCT_BUNDLE_IDENTIFIER = com.cyberdine.JohnLewisTestUITests;
				PRODUCT_NAME = "$(TARGET_NAME)";
				SWIFT_VERSION = 4.0;
				TARGETED_DEVICE_FAMILY = "1,2";
				TEST_TARGET_NAME = JohnLewisTest;
			};
			name = Debug;
		};
		91916D942122E05C0054FD8D /* Release */ = {
			isa = XCBuildConfiguration;
			buildSettings = {
				ALWAYS_EMBED_SWIFT_STANDARD_LIBRARIES = YES;
				CODE_SIGN_STYLE = Automatic;
				INFOPLIST_FILE = JohnLewisTestUITests/Info.plist;
				LD_RUNPATH_SEARCH_PATHS = (
					"$(inherited)",
					"@executable_path/Frameworks",
					"@loader_path/Frameworks",
				);
				PRODUCT_BUNDLE_IDENTIFIER = com.cyberdine.JohnLewisTestUITests;
				PRODUCT_NAME = "$(TARGET_NAME)";
				SWIFT_VERSION = 4.0;
				TARGETED_DEVICE_FAMILY = "1,2";
				TEST_TARGET_NAME = JohnLewisTest;
			};
			name = Release;
		};
/* End XCBuildConfiguration section */

/* Begin XCConfigurationList section */
		91916D5F2122E05B0054FD8D /* Build configuration list for PBXProject "JohnLewisTest" */ = {
			isa = XCConfigurationList;
			buildConfigurations = (
				91916D8A2122E05C0054FD8D /* Debug */,
				91916D8B2122E05C0054FD8D /* Release */,
			);
			defaultConfigurationIsVisible = 0;
			defaultConfigurationName = Release;
		};
		91916D8C2122E05C0054FD8D /* Build configuration list for PBXNativeTarget "JohnLewisTest" */ = {
			isa = XCConfigurationList;
			buildConfigurations = (
				91916D8D2122E05C0054FD8D /* Debug */,
				91916D8E2122E05C0054FD8D /* Release */,
			);
			defaultConfigurationIsVisible = 0;
			defaultConfigurationName = Release;
		};
		91916D8F2122E05C0054FD8D /* Build configuration list for PBXNativeTarget "JohnLewisTestTests" */ = {
			isa = XCConfigurationList;
			buildConfigurations = (
				91916D902122E05C0054FD8D /* Debug */,
				91916D912122E05C0054FD8D /* Release */,
			);
			defaultConfigurationIsVisible = 0;
			defaultConfigurationName = Release;
		};
		91916D922122E05C0054FD8D /* Build configuration list for PBXNativeTarget "JohnLewisTestUITests" */ = {
			isa = XCConfigurationList;
			buildConfigurations = (
				91916D932122E05C0054FD8D /* Debug */,
				91916D942122E05C0054FD8D /* Release */,
			);
			defaultConfigurationIsVisible = 0;
			defaultConfigurationName = Release;
		};
/* End XCConfigurationList section */
	};
	rootObject = 91916D5C2122E05B0054FD8D /* Project object */;
}
